
Microsoft Visual Studio Solution File, Format Version 11.00
# Visual Studio 2010
Project("{FAE04EC0-301F-11D3-BF4B-00C04F79EFBC}") = "MicronBEAssy", "MicronBEAssy\MicronBEAssy.csproj", "{A6A5DCF6-E36D-495D-87F7-399DC33353BF}"
EndProject
Project("{FAE04EC0-301F-11D3-BF4B-00C04F79EFBC}") = "MicronBEAssyUserInterface", "MicronBEAssyUserInterface\MicronBEAssyUserInterface.csproj", "{4377BC8F-536E-4AA2-ACC2-7F8486AF55B6}"
EndProject
Global
	GlobalSection(TeamFoundationVersionControl) = preSolution
		SccNumberOfProjects = 3
		SccEnterpriseProvider = {4CA58AB2-18FA-4F8D-95D4-32DDF27D184C}
		SccTeamFoundationServer = http://192.168.1.10:1620/tfs/domain
		SccLocalPath0 = .
		SccProjectUniqueName1 = MicronBEAssy\\MicronBEAssy.csproj
		SccProjectName1 = MicronBEAssy
		SccLocalPath1 = MicronBEAssy
		SccProjectUniqueName2 = MicronBEAssyUserInterface\\MicronBEAssyUserInterface.csproj
		SccProjectName2 = MicronBEAssyUserInterface
		SccLocalPath2 = MicronBEAssyUserInterface
	EndGlobalSection
	GlobalSection(SolutionConfigurationPlatforms) = preSolution
		Debug|Any CPU = Debug|Any CPU
		Debug|Mixed Platforms = Debug|Mixed Platforms
		Debug|x86 = Debug|x86
		Release|Any CPU = Release|Any CPU
		Release|Mixed Platforms = Release|Mixed Platforms
		Release|x86 = Release|x86
	EndGlobalSection
	GlobalSection(ProjectConfigurationPlatforms) = postSolution
		{A6A5DCF6-E36D-495D-87F7-399DC33353BF}.Debug|Any CPU.ActiveCfg = Debug|Any CPU
		{A6A5DCF6-E36D-495D-87F7-399DC33353BF}.Debug|Any CPU.Build.0 = Debug|Any CPU
		{A6A5DCF6-E36D-495D-87F7-399DC33353BF}.Debug|Mixed Platforms.ActiveCfg = Debug|Any CPU
		{A6A5DCF6-E36D-495D-87F7-399DC33353BF}.Debug|Mixed Platforms.Build.0 = Debug|Any CPU
		{A6A5DCF6-E36D-495D-87F7-399DC33353BF}.Debug|x86.ActiveCfg = Debug|Any CPU
		{A6A5DCF6-E36D-495D-87F7-399DC33353BF}.Release|Any CPU.ActiveCfg = Release|Any CPU
		{A6A5DCF6-E36D-495D-87F7-399DC33353BF}.Release|Any CPU.Build.0 = Release|Any CPU
		{A6A5DCF6-E36D-495D-87F7-399DC33353BF}.Release|Mixed Platforms.ActiveCfg = Release|Any CPU
		{A6A5DCF6-E36D-495D-87F7-399DC33353BF}.Release|Mixed Platforms.Build.0 = Release|Any CPU
		{A6A5DCF6-E36D-495D-87F7-399DC33353BF}.Release|x86.ActiveCfg = Release|Any CPU
		{4377BC8F-536E-4AA2-ACC2-7F8486AF55B6}.Debug|Any CPU.ActiveCfg = Debug|Any CPU
		{4377BC8F-536E-4AA2-ACC2-7F8486AF55B6}.Debug|Any CPU.Build.0 = Debug|Any CPU
		{4377BC8F-536E-4AA2-ACC2-7F8486AF55B6}.Debug|Mixed Platforms.ActiveCfg = Debug|Any CPU
		{4377BC8F-536E-4AA2-ACC2-7F8486AF55B6}.Debug|Mixed Platforms.Build.0 = Debug|Any CPU
		{4377BC8F-536E-4AA2-ACC2-7F8486AF55B6}.Debug|x86.ActiveCfg = Debug|Any CPU
		{4377BC8F-536E-4AA2-ACC2-7F8486AF55B6}.Release|Any CPU.ActiveCfg = Release|Any CPU
		{4377BC8F-536E-4AA2-ACC2-7F8486AF55B6}.Release|Any CPU.Build.0 = Release|Any CPU
		{4377BC8F-536E-4AA2-ACC2-7F8486AF55B6}.Release|Mixed Platforms.ActiveCfg = Release|Any CPU
		{4377BC8F-536E-4AA2-ACC2-7F8486AF55B6}.Release|Mixed Platforms.Build.0 = Release|Any CPU
		{4377BC8F-536E-4AA2-ACC2-7F8486AF55B6}.Release|x86.ActiveCfg = Release|Any CPU
	EndGlobalSection
	GlobalSection(SolutionProperties) = preSolution
		HideSolutionNode = FALSE
	EndGlobalSection
EndGlobal
